
Microsoft Visual Studio Solution File, Format Version 12.00
Project("{FAE04EC0-301F-11D3-BF4B-00C04F79EFBC}") = "BookShop", "BookShop\BookShop.csproj", "{773EC792-46B8-4A22-BF81-2A8AFF446D2C}"
EndProject
Project("{FAE04EC0-301F-11D3-BF4B-00C04F79EFBC}") = "BookShop.Core", "BookShop.Core\BookShop.Core.csproj", "{6D055DCD-504A-460E-B269-1165A3FD32F0}"
EndProject
Project("{FAE04EC0-301F-11D3-BF4B-00C04F79EFBC}") = "BookShop.Data", "BookShop.Data\BookShop.Data.csproj", "{47F63DA0-46E3-40DF-85F8-9A6D56D23DC7}"
EndProject
Global
	GlobalSection(SolutionConfigurationPlatforms) = preSolution
		Debug|Any CPU = Debug|Any CPU
		Release|Any CPU = Release|Any CPU
	EndGlobalSection
	GlobalSection(ProjectConfigurationPlatforms) = postSolution
		{773EC792-46B8-4A22-BF81-2A8AFF446D2C}.Debug|Any CPU.ActiveCfg = Debug|Any CPU
		{773EC792-46B8-4A22-BF81-2A8AFF446D2C}.Debug|Any CPU.Build.0 = Debug|Any CPU
		{773EC792-46B8-4A22-BF81-2A8AFF446D2C}.Release|Any CPU.ActiveCfg = Release|Any CPU
		{773EC792-46B8-4A22-BF81-2A8AFF446D2C}.Release|Any CPU.Build.0 = Release|Any CPU
		{6D055DCD-504A-460E-B269-1165A3FD32F0}.Debug|Any CPU.ActiveCfg = Debug|Any CPU
		{6D055DCD-504A-460E-B269-1165A3FD32F0}.Debug|Any CPU.Build.0 = Debug|Any CPU
		{6D055DCD-504A-460E-B269-1165A3FD32F0}.Release|Any CPU.ActiveCfg = Release|Any CPU
		{6D055DCD-504A-460E-B269-1165A3FD32F0}.Release|Any CPU.Build.0 = Release|Any CPU
		{47F63DA0-46E3-40DF-85F8-9A6D56D23DC7}.Debug|Any CPU.ActiveCfg = Debug|Any CPU
		{47F63DA0-46E3-40DF-85F8-9A6D56D23DC7}.Debug|Any CPU.Build.0 = Debug|Any CPU
		{47F63DA0-46E3-40DF-85F8-9A6D56D23DC7}.Release|Any CPU.ActiveCfg = Release|Any CPU
		{47F63DA0-46E3-40DF-85F8-9A6D56D23DC7}.Release|Any CPU.Build.0 = Release|Any CPU
	EndGlobalSection
EndGlobal
